
Microsoft Visual Studio Solution File, Format Version 12.00
# Visual Studio 2012
Project("{FAE04EC0-301F-11D3-BF4B-00C04F79EFBC}") = "Bet__List__Viewer", "Bet__List__Viewer.csproj", "{E9D03C6C-039E-4A16-A809-871A0DA04DC2}"
EndProject
Global
	GlobalSection(SolutionConfigurationPlatforms) = preSolution
		Debug|Any CPU = Debug|Any CPU
		Release|Any CPU = Release|Any CPU
	EndGlobalSection
	GlobalSection(ProjectConfigurationPlatforms) = postSolution
		{E9D03C6C-039E-4A16-A809-871A0DA04DC2}.Debug|Any CPU.ActiveCfg = Debug|Any CPU
		{E9D03C6C-039E-4A16-A809-871A0DA04DC2}.Debug|Any CPU.Build.0 = Debug|Any CPU
		{E9D03C6C-039E-4A16-A809-871A0DA04DC2}.Release|Any CPU.ActiveCfg = Release|Any CPU
		{E9D03C6C-039E-4A16-A809-871A0DA04DC2}.Release|Any CPU.Build.0 = Release|Any CPU
	EndGlobalSection
	GlobalSection(MonoDevelopProperties) = preSolution
		StartupItem = Bet__List__Viewer.csproj
	EndGlobalSection
EndGlobal
